Microsoft Visual Studio Solution File, Format Version 12.00
# Visual Studio Version 17
VisualStudioVersion = 17.0.31903.59
MinimumVisualStudioVersion = 10.0.40219.1
Project("{FAE04EC0-301F-11D3-BF4B-00C04F79EFBC}") = "TravelInsight.Domain", "src\TravelInsight.Domain\TravelInsight.Domain.csproj", "{53BA7F13-7FB1-4458-B1E2-AE2CFEE712C3}"
EndProject
Project("{FAE04EC0-301F-11D3-BF4B-00C04F79EFBC}") = "TravelInsight.Application", "src\TravelInsight.Application\TravelInsight.Application.csproj", "{97C53ED1-0511-4924-BBCF-1B975614DB06}"
EndProject
Project("{FAE04EC0-301F-11D3-BF4B-00C04F79EFBC}") = "TravelInsight.Infrastructure", "src\TravelInsight.Infrastructure\TravelInsight.Infrastructure.csproj", "{473FBE8E-0721-4B1A-8FD4-49344CEC9456}"
EndProject
Project("{FAE04EC0-301F-11D3-BF4B-00C04F79EFBC}") = "TravelInsight.API", "src\TravelInsight.API\TravelInsight.API.csproj", "{933997DF-2D07-4E4E-A6E3-4D419DA281E6}"
EndProject
Project("{FAE04EC0-301F-11D3-BF4B-00C04F79EFBC}") = "TravelInsight.Tests", "tests\TravelInsight.Tests\TravelInsight.Tests.csproj", "{55D52538-B9A7-4A10-A13F-7B96EA42A3D4}"
EndProject
Global
	GlobalSection(SolutionConfigurationPlatforms) = preSolution
		Debug|Any CPU = Debug|Any CPU
		Release|Any CPU = Release|Any CPU
	EndGlobalSection
	GlobalSection(ProjectConfigurationPlatforms) = postSolution
		{53BA7F13-7FB1-4458-B1E2-AE2CFEE712C3}.Debug|Any CPU.ActiveCfg = Debug|Any CPU
		{53BA7F13-7FB1-4458-B1E2-AE2CFEE712C3}.Debug|Any CPU.Build.0 = Debug|Any CPU
		{53BA7F13-7FB1-4458-B1E2-AE2CFEE712C3}.Release|Any CPU.ActiveCfg = Release|Any CPU
		{53BA7F13-7FB1-4458-B1E2-AE2CFEE712C3}.Release|Any CPU.Build.0 = Release|Any CPU
		{97C53ED1-0511-4924-BBCF-1B975614DB06}.Debug|Any CPU.ActiveCfg = Debug|Any CPU
		{97C53ED1-0511-4924-BBCF-1B975614DB06}.Debug|Any CPU.Build.0 = Debug|Any CPU
		{97C53ED1-0511-4924-BBCF-1B975614DB06}.Release|Any CPU.ActiveCfg = Release|Any CPU
		{97C53ED1-0511-4924-BBCF-1B975614DB06}.Release|Any CPU.Build.0 = Release|Any CPU
		{473FBE8E-0721-4B1A-8FD4-49344CEC9456}.Debug|Any CPU.ActiveCfg = Debug|Any CPU
		{473FBE8E-0721-4B1A-8FD4-49344CEC9456}.Debug|Any CPU.Build.0 = Debug|Any CPU
		{473FBE8E-0721-4B1A-8FD4-49344CEC9456}.Release|Any CPU.ActiveCfg = Release|Any CPU
		{473FBE8E-0721-4B1A-8FD4-49344CEC9456}.Release|Any CPU.Build.0 = Release|Any CPU
		{933997DF-2D07-4E4E-A6E3-4D419DA281E6}.Debug|Any CPU.ActiveCfg = Debug|Any CPU
		{933997DF-2D07-4E4E-A6E3-4D419DA281E6}.Debug|Any CPU.Build.0 = Debug|Any CPU
		{933997DF-2D07-4E4E-A6E3-4D419DA281E6}.Release|Any CPU.ActiveCfg = Release|Any CPU
		{933997DF-2D07-4E4E-A6E3-4D419DA281E6}.Release|Any CPU.Build.0 = Release|Any CPU
		{55D52538-B9A7-4A10-A13F-7B96EA42A3D4}.Debug|Any CPU.ActiveCfg = Debug|Any CPU
		{55D52538-B9A7-4A10-A13F-7B96EA42A3D4}.Debug|Any CPU.Build.0 = Debug|Any CPU
		{55D52538-B9A7-4A10-A13F-7B96EA42A3D4}.Release|Any CPU.ActiveCfg = Release|Any CPU
		{55D52538-B9A7-4A10-A13F-7B96EA42A3D4}.Release|Any CPU.Build.0 = Release|Any CPU
	EndGlobalSection
EndGlobal